github.com/patrickmn/go-cache v2.1.0+incompatible h1:HRMgzkcYKYpi3C8ajMPV8OFXaaRUnok+kx1WdO15EQc=
github.com/patrickmn/go-cache v2.1.0+incompatible/go.mod h1:3Qf8kWWT7OJRJbdiICTKqZju1ZixQ/KpMGzzAfe6+WQ=
github.com/rocketlaunchr/remember-go v1.1.6 h1:/E16EB+d3PU/vBXvWuRxIIhLGdBx+GQRAjyycF4sbp4=
github.com/rocketlaunchr/remember-go v1.1.6/go.mod h1:MbFDEeBN27Zug3fIJRuiVBDF2yobF6qoQ+kVqjwIHQA=
