github.com/allegro/bigcache/v2 v2.2.5 h1:mRc8r6GQjuJsmSKQNPsR5jQVXc8IJ1xsW5YXUYMLfqI=
github.com/allegro/bigcache/v2 v2.2.5/go.mod h1:FppZsIO+IZk7gCuj5FiIDHGygD9xvWQcqg1uIPMb6tY=
github.com/allegro/bigcache/v3 v3.0.0 h1:5Hxq+GTy8gHEeQccCZZDCfZRTydUfErdUf0iVDcMAFg=
github.com/allegro/bigcache/v3 v3.0.0/go.mod h1:t5TAJn1B9qvf/VlJrSM1r6NlFAYoFDubYUsCuIO9nUQ=
