github.com/caarlos0/env/v6 v6.6.2 h1:BypLXDWQTA32rS4UM7pBz+/0BOuvs6C7LSeQAxMwyvI=
github.com/caarlos0/env/v6 v6.6.2/go.mod h1:P0BVSgU9zfkxfSpFUs6KsO3uWR4k3Ac0P66ibAGTybM=
github.com/matryer/is v1.4.0 h1:sosSmIWwkYITGrxZ25ULNDeKiMNzFSr4V/eqBQP0PeE=
github.com/matryer/is v1.4.0/go.mod h1:8I/i5uYgLzgsgEloJE1U6xx5HkBQpAZvepWuujKwMRU=
