github.com/logrusorgru/aurora v0.0.0-20181002194514-a7b3b318ed4e h1:9MlwzLdW7QSDrhDjFlsEYmxpFyIoXmYRon3dt0io31k=
github.com/logrusorgru/aurora v0.0.0-20181002194514-a7b3b318ed4e/go.mod h1:7rIyQOR62GCctdiQpZ/zOJlFyk6y+94wXzv6RNZgaR4=
github.com/ztrue/tracerr v0.3.0 h1:lDi6EgEYhPYPnKcjsYzmWw4EkFEoA/gfe+I9Y5f+h6Y=
github.com/ztrue/tracerr v0.3.0/go.mod h1:qEalzze4VN9O8tnhBXScfCrmoJo10o8TN5ciKjm6Mww=
